
Microsoft Visual Studio Solution File, Format Version 11.00
# Visual Studio 2010
Project("{FAE04EC0-301F-11D3-BF4B-00C04F79EFBC}") = "CalculoSueldo", "CalculoSueldo\CalculoSueldo.csproj", "{5E9D70E8-1107-4263-879B-8D4182705515}"
EndProject
Project("{FAE04EC0-301F-11D3-BF4B-00C04F79EFBC}") = "SuperficieCuadrado", "SuperficieCuadrado\SuperficieCuadrado.csproj", "{A0632AE5-2BE2-4174-B942-029B1410EDBB}"
EndProject
Project("{FAE04EC0-301F-11D3-BF4B-00C04F79EFBC}") = "EstructuraCondicionalCompuesta1", "EstructuraCondicionalCompuesta1\EstructuraCondicionalCompuesta1.csproj", "{BD13004E-3F65-44B0-B3A6-960FC4FB64C4}"
EndProject
Project("{FAE04EC0-301F-11D3-BF4B-00C04F79EFBC}") = "EstructuraCondicionalCompuesta2", "EstructuraCondicionalCompuesta2\EstructuraCondicionalCompuesta2.csproj", "{3A4B0A32-7332-4961-B334-F7EF860AA736}"
EndProject
Project("{FAE04EC0-301F-11D3-BF4B-00C04F79EFBC}") = "EstructuraCondicionalSimple2", "EstructuraCondicionalSimple2\EstructuraCondicionalSimple2.csproj", "{AAB43DD7-DFD4-4088-AD37-EA7F1D13E13F}"
EndProject
Project("{FAE04EC0-301F-11D3-BF4B-00C04F79EFBC}") = "EstructuraCondicionalCompuesta3", "EstructuraCondicionalCompuesta3\EstructuraCondicionalCompuesta3.csproj", "{6BECF553-AA6E-4FD2-8159-58825B4212E1}"
EndProject
Project("{FAE04EC0-301F-11D3-BF4B-00C04F79EFBC}") = "EstructuraCondicionalAnidada2", "EstructuraCondicionalAnidada2\EstructuraCondicionalAnidada2.csproj", "{4BA11CE0-9161-4D5E-B0FD-214594B1E5D7}"
EndProject
Project("{FAE04EC0-301F-11D3-BF4B-00C04F79EFBC}") = "EstructuraCondicionalAnidada3", "EstructuraCondicionalAnidada3\EstructuraCondicionalAnidada3.csproj", "{214A33FF-1936-4D39-9D88-CE305100247F}"
EndProject
Project("{FAE04EC0-301F-11D3-BF4B-00C04F79EFBC}") = "EstructuraCondicionalAnidada4", "EstructuraCondicionalAnidada4\EstructuraCondicionalAnidada4.csproj", "{6A36AF9C-6E3F-4C3B-8B69-49A30023AE67}"
EndProject
Project("{FAE04EC0-301F-11D3-BF4B-00C04F79EFBC}") = "EstructuraCondicionalAnidada5", "EstructuraCondicionalAnidada5\EstructuraCondicionalAnidada5.csproj", "{ACB23DDB-73F8-4537-9FB5-0D1A1C8AC741}"
EndProject
Global
	GlobalSection(SolutionConfigurationPlatforms) = preSolution
		Debug|x86 = Debug|x86
		Release|x86 = Release|x86
	EndGlobalSection
	GlobalSection(ProjectConfigurationPlatforms) = postSolution
		{5E9D70E8-1107-4263-879B-8D4182705515}.Debug|x86.ActiveCfg = Debug|x86
		{5E9D70E8-1107-4263-879B-8D4182705515}.Debug|x86.Build.0 = Debug|x86
		{5E9D70E8-1107-4263-879B-8D4182705515}.Release|x86.ActiveCfg = Release|x86
		{5E9D70E8-1107-4263-879B-8D4182705515}.Release|x86.Build.0 = Release|x86
		{A0632AE5-2BE2-4174-B942-029B1410EDBB}.Debug|x86.ActiveCfg = Debug|x86
		{A0632AE5-2BE2-4174-B942-029B1410EDBB}.Debug|x86.Build.0 = Debug|x86
		{A0632AE5-2BE2-4174-B942-029B1410EDBB}.Release|x86.ActiveCfg = Release|x86
		{A0632AE5-2BE2-4174-B942-029B1410EDBB}.Release|x86.Build.0 = Release|x86
		{BD13004E-3F65-44B0-B3A6-960FC4FB64C4}.Debug|x86.ActiveCfg = Debug|x86
		{BD13004E-3F65-44B0-B3A6-960FC4FB64C4}.Debug|x86.Build.0 = Debug|x86
		{BD13004E-3F65-44B0-B3A6-960FC4FB64C4}.Release|x86.ActiveCfg = Release|x86
		{BD13004E-3F65-44B0-B3A6-960FC4FB64C4}.Release|x86.Build.0 = Release|x86
		{3A4B0A32-7332-4961-B334-F7EF860AA736}.Debug|x86.ActiveCfg = Debug|x86
		{3A4B0A32-7332-4961-B334-F7EF860AA736}.Debug|x86.Build.0 = Debug|x86
		{3A4B0A32-7332-4961-B334-F7EF860AA736}.Release|x86.ActiveCfg = Release|x86
		{3A4B0A32-7332-4961-B334-F7EF860AA736}.Release|x86.Build.0 = Release|x86
		{AAB43DD7-DFD4-4088-AD37-EA7F1D13E13F}.Debug|x86.ActiveCfg = Debug|x86
		{AAB43DD7-DFD4-4088-AD37-EA7F1D13E13F}.Debug|x86.Build.0 = Debug|x86
		{AAB43DD7-DFD4-4088-AD37-EA7F1D13E13F}.Release|x86.ActiveCfg = Release|x86
		{AAB43DD7-DFD4-4088-AD37-EA7F1D13E13F}.Release|x86.Build.0 = Release|x86
		{6BECF553-AA6E-4FD2-8159-58825B4212E1}.Debug|x86.ActiveCfg = Debug|x86
		{6BECF553-AA6E-4FD2-8159-58825B4212E1}.Debug|x86.Build.0 = Debug|x86
		{6BECF553-AA6E-4FD2-8159-58825B4212E1}.Release|x86.ActiveCfg = Release|x86
		{6BECF553-AA6E-4FD2-8159-58825B4212E1}.Release|x86.Build.0 = Release|x86
		{4BA11CE0-9161-4D5E-B0FD-214594B1E5D7}.Debug|x86.ActiveCfg = Debug|x86
		{4BA11CE0-9161-4D5E-B0FD-214594B1E5D7}.Debug|x86.Build.0 = Debug|x86
		{4BA11CE0-9161-4D5E-B0FD-214594B1E5D7}.Release|x86.ActiveCfg = Release|x86
		{4BA11CE0-9161-4D5E-B0FD-214594B1E5D7}.Release|x86.Build.0 = Release|x86
		{214A33FF-1936-4D39-9D88-CE305100247F}.Debug|x86.ActiveCfg = Debug|x86
		{214A33FF-1936-4D39-9D88-CE305100247F}.Debug|x86.Build.0 = Debug|x86
		{214A33FF-1936-4D39-9D88-CE305100247F}.Release|x86.ActiveCfg = Release|x86
		{214A33FF-1936-4D39-9D88-CE305100247F}.Release|x86.Build.0 = Release|x86
		{6A36AF9C-6E3F-4C3B-8B69-49A30023AE67}.Debug|x86.ActiveCfg = Debug|x86
		{6A36AF9C-6E3F-4C3B-8B69-49A30023AE67}.Debug|x86.Build.0 = Debug|x86
		{6A36AF9C-6E3F-4C3B-8B69-49A30023AE67}.Release|x86.ActiveCfg = Release|x86
		{6A36AF9C-6E3F-4C3B-8B69-49A30023AE67}.Release|x86.Build.0 = Release|x86
		{ACB23DDB-73F8-4537-9FB5-0D1A1C8AC741}.Debug|x86.ActiveCfg = Debug|x86
		{ACB23DDB-73F8-4537-9FB5-0D1A1C8AC741}.Debug|x86.Build.0 = Debug|x86
		{ACB23DDB-73F8-4537-9FB5-0D1A1C8AC741}.Release|x86.ActiveCfg = Release|x86
		{ACB23DDB-73F8-4537-9FB5-0D1A1C8AC741}.Release|x86.Build.0 = Release|x86
	EndGlobalSection
	GlobalSection(SolutionProperties) = preSolution
		HideSolutionNode = FALSE
	EndGlobalSection
EndGlobal
